
Microsoft Visual Studio Solution File, Format Version 12.00
# Visual Studio 15
VisualStudioVersion = 15.0.28307.902
MinimumVisualStudioVersion = 10.0.40219.1
Project("{FAE04EC0-301F-11D3-BF4B-00C04F79EFBC}") = "Yahoo2.0", "Yahoo2.0\Yahoo2.0.csproj", "{586C5A40-3C20-4DC0-AFA5-F9191D64941E}"
EndProject
Global
	GlobalSection(SolutionConfigurationPlatforms) = preSolution
		Debug|Any CPU = Debug|Any CPU
		Release|Any CPU = Release|Any CPU
	EndGlobalSection
	GlobalSection(ProjectConfigurationPlatforms) = postSolution
		{586C5A40-3C20-4DC0-AFA5-F9191D64941E}.Debug|Any CPU.ActiveCfg = Debug|Any CPU
		{586C5A40-3C20-4DC0-AFA5-F9191D64941E}.Debug|Any CPU.Build.0 = Debug|Any CPU
		{586C5A40-3C20-4DC0-AFA5-F9191D64941E}.Release|Any CPU.ActiveCfg = Release|Any CPU
		{586C5A40-3C20-4DC0-AFA5-F9191D64941E}.Release|Any CPU.Build.0 = Release|Any CPU
	EndGlobalSection
	GlobalSection(SolutionProperties) = preSolution
		HideSolutionNode = FALSE
	EndGlobalSection
	GlobalSection(ExtensibilityGlobals) = postSolution
		SolutionGuid = {CF29C732-E8AF-4664-A7FF-79CE866CA468}
	EndGlobalSection
EndGlobal
